
Microsoft Visual Studio Solution File, Format Version 12.00
# Visual Studio Version 16
VisualStudioVersion = 16.0.31205.134
MinimumVisualStudioVersion = 10.0.40219.1
Project("{9A19103F-16F7-4668-BE54-9A1E7A4F7556}") = "LibretaDigitalBackEnd", "LibretaDigitalBackEnd\LibretaDigitalBackEnd.csproj", "{B8B81810-F893-4801-BE9E-7CB7D281FABF}"
EndProject
Project("{E53339B2-1760-4266-BCC7-CA923CBCF16C}") = "docker-compose", "docker-compose.dcproj", "{0B8D1795-7A6B-468B-9D43-75D552A908D1}"
EndProject
Project("{FAE04EC0-301F-11D3-BF4B-00C04F79EFBC}") = "DataAccessLayer", "DataAccessLayer\DataAccessLayer.csproj", "{52DBC0CE-B167-4572-8B41-83F3B2BBE0CB}"
EndProject
Global
	GlobalSection(SolutionConfigurationPlatforms) = preSolution
		Debug|Any CPU = Debug|Any CPU
		Release|Any CPU = Release|Any CPU
	EndGlobalSection
	GlobalSection(ProjectConfigurationPlatforms) = postSolution
		{B8B81810-F893-4801-BE9E-7CB7D281FABF}.Debug|Any CPU.ActiveCfg = Debug|Any CPU
		{B8B81810-F893-4801-BE9E-7CB7D281FABF}.Debug|Any CPU.Build.0 = Debug|Any CPU
		{B8B81810-F893-4801-BE9E-7CB7D281FABF}.Release|Any CPU.ActiveCfg = Release|Any CPU
		{B8B81810-F893-4801-BE9E-7CB7D281FABF}.Release|Any CPU.Build.0 = Release|Any CPU
		{0B8D1795-7A6B-468B-9D43-75D552A908D1}.Debug|Any CPU.ActiveCfg = Debug|Any CPU
		{0B8D1795-7A6B-468B-9D43-75D552A908D1}.Debug|Any CPU.Build.0 = Debug|Any CPU
		{0B8D1795-7A6B-468B-9D43-75D552A908D1}.Release|Any CPU.ActiveCfg = Release|Any CPU
		{0B8D1795-7A6B-468B-9D43-75D552A908D1}.Release|Any CPU.Build.0 = Release|Any CPU
		{52DBC0CE-B167-4572-8B41-83F3B2BBE0CB}.Debug|Any CPU.ActiveCfg = Debug|Any CPU
		{52DBC0CE-B167-4572-8B41-83F3B2BBE0CB}.Debug|Any CPU.Build.0 = Debug|Any CPU
		{52DBC0CE-B167-4572-8B41-83F3B2BBE0CB}.Release|Any CPU.ActiveCfg = Release|Any CPU
		{52DBC0CE-B167-4572-8B41-83F3B2BBE0CB}.Release|Any CPU.Build.0 = Release|Any CPU
	EndGlobalSection
	GlobalSection(SolutionProperties) = preSolution
		HideSolutionNode = FALSE
	EndGlobalSection
	GlobalSection(ExtensibilityGlobals) = postSolution
		SolutionGuid = {C9BB3060-ED85-4194-B68F-10C83F014763}
	EndGlobalSection
EndGlobal
